schema: '2.0'
stages:
  load_data:
    cmd: python src/load_data.py --config=params.yaml
    deps:
    - path: data_given/winequality.csv
      hash: md5
      md5: ccc8d3507eb151f53f760d36abdef888
      size: 91998
    - path: src/get_data.py
      hash: md5
      md5: 140d7b8c5ca2ac4782be0fa19a691d02
      size: 658
    - path: src/load_data.py
      hash: md5
      md5: 7c67a0719eb6f17fff2cf2934ee8023b
      size: 609
    outs:
    - path: data/raw/winequality.csv
      hash: md5
      md5: 069b522b0321bc25a626ceeffcb8eb44
      size: 93598
  split_data:
    cmd: python src/split_data.py --config=params.yaml
    deps:
    - path: data/raw/winequality.csv
      hash: md5
      md5: 069b522b0321bc25a626ceeffcb8eb44
      size: 93598
    - path: src/split_data.py
      hash: md5
      md5: ec48dcf566edb91dc071fd4436301468
      size: 1013
    outs:
    - path: data/processed/test_winequality.csv
      hash: md5
      md5: ee3284843265e5855bc07dd6427ab1c2
      size: 18831
    - path: data/processed/train_winequality.csv
      hash: md5
      md5: 81dce00e053ba5ebabeacf8e7dca537a
      size: 74913
  train_and_evaluate:
    cmd: python src/train_and_evaluate.py --config=params.yaml
    deps:
    - path: data/processed/test_winequality.csv
      hash: md5
      md5: ee3284843265e5855bc07dd6427ab1c2
      size: 18831
    - path: data/processed/train_winequality.csv
      hash: md5
      md5: 81dce00e053ba5ebabeacf8e7dca537a
      size: 74913
    - path: src/train_and_evaluate.py
      hash: md5
      md5: 9d44a6cccba7c8a1425ee452b1b1b488
      size: 2562
    params:
      params.yaml:
        estimators.ElasticNet.params.alpha: 0.3
        estimators.ElasticNet.params.l1_ratio: 0.6
    outs:
    - path: report/params.json
      hash: md5
      md5: 308e752fea51d6db833eb58d71825791
      size: 44
    - path: report/scores.json
      hash: md5
      md5: 878f06af2b7ea3e29ad25dfbffc86503
      size: 99
    - path: saved_models/model.joblib
      hash: md5
      md5: e023d96b5b5ac0f63d81ee5f94d88963
      size: 1279
